<Solution>
  <Folder Name="/src/">
    <Project Path="src/FolderAutomation.Core/FolderAutomation.Core.csproj" />
    <Project Path="src/FolderAutomation.Data/FolderAutomation.Data.csproj" />
  </Folder>
  <Folder Name="/src/FolderAutomation.App/">
    <Project Path="src/FolderAutomation.App/FolderAutomation.csproj" />
  </Folder>
</Solution>
